
Microsoft Visual Studio Solution File, Format Version 12.00
# Visual Studio Version 16
VisualStudioVersion = 16.0.29503.13
MinimumVisualStudioVersion = 10.0.40219.1
Project("{FAE04EC0-301F-11D3-BF4B-00C04F79EFBC}") = "HomeWork4", "HomeWork4\HomeWork4.csproj", "{9FB53593-6A1C-44FD-98F0-63FEABAC3158}"
EndProject
Project("{FAE04EC0-301F-11D3-BF4B-00C04F79EFBC}") = "HomeWork4-1", "HomeWork4-1\HomeWork4-1.csproj", "{44797089-B55E-435E-BAEB-C1D6B95AF67B}"
EndProject
Global
	GlobalSection(SolutionConfigurationPlatforms) = preSolution
		Debug|Any CPU = Debug|Any CPU
		Release|Any CPU = Release|Any CPU
	EndGlobalSection
	GlobalSection(ProjectConfigurationPlatforms) = postSolution
		{9FB53593-6A1C-44FD-98F0-63FEABAC3158}.Debug|Any CPU.ActiveCfg = Debug|Any CPU
		{9FB53593-6A1C-44FD-98F0-63FEABAC3158}.Debug|Any CPU.Build.0 = Debug|Any CPU
		{9FB53593-6A1C-44FD-98F0-63FEABAC3158}.Release|Any CPU.ActiveCfg = Release|Any CPU
		{9FB53593-6A1C-44FD-98F0-63FEABAC3158}.Release|Any CPU.Build.0 = Release|Any CPU
		{44797089-B55E-435E-BAEB-C1D6B95AF67B}.Debug|Any CPU.ActiveCfg = Debug|Any CPU
		{44797089-B55E-435E-BAEB-C1D6B95AF67B}.Debug|Any CPU.Build.0 = Debug|Any CPU
		{44797089-B55E-435E-BAEB-C1D6B95AF67B}.Release|Any CPU.ActiveCfg = Release|Any CPU
		{44797089-B55E-435E-BAEB-C1D6B95AF67B}.Release|Any CPU.Build.0 = Release|Any CPU
	EndGlobalSection
	GlobalSection(SolutionProperties) = preSolution
		HideSolutionNode = FALSE
	EndGlobalSection
	GlobalSection(ExtensibilityGlobals) = postSolution
		SolutionGuid = {55B04A90-7123-478B-B8F0-AB84F2CFD77E}
	EndGlobalSection
EndGlobal
